<?xml version="1.0" encoding="utf-8"?>
<Project ToolsVersion="4.0" xmlns="http://schemas.microsoft.com/developer/msbuild/2003">
  <ItemGroup>
    <Filter Include="planner">
      <UniqueIdentifier>{B5D140B4-21B1-BF4F-2AC9-4A26962726B1}</UniqueIdentifier>
    </Filter>
  </ItemGroup>
  <ItemGroup>
    <ClInclude Include="src\octo.h" />
    <ClInclude Include="src\planner\application.h">
      <Filter>planner</Filter>
    </ClInclude>
    <ClInclude Include="src\planner\core.h">
      <Filter>planner</Filter>
    </ClInclude>
    <ClInclude Include="src\planner\entrypoint.h">
      <Filter>planner</Filter>
    </ClInclude>
    <ClInclude Include="src\planner\log.h">
      <Filter>planner</Filter>
    </ClInclude>
  </ItemGroup>
  <ItemGroup>
    <ClCompile Include="src\planner\application.cpp">
      <Filter>planner</Filter>
    </ClCompile>
    <ClCompile Include="src\planner\log.cpp">
      <Filter>planner</Filter>
    </ClCompile>
  </ItemGroup>
</Project>